
Microsoft Visual Studio Solution File, Format Version 12.00
# Visual Studio 14
VisualStudioVersion = 14.0.25420.1
MinimumVisualStudioVersion = 10.0.40219.1
Project("{FAE04EC0-301F-11D3-BF4B-00C04F79EFBC}") = "Project1", "Project1\Project1.csproj", "{B197F809-5E77-4FF4-951B-6A280C4CA841}"
EndProject
Project("{FAE04EC0-301F-11D3-BF4B-00C04F79EFBC}") = "Common", "Common\Common.csproj", "{4B54AE09-3207-47C6-AFCA-E0CEC9AC9D03}"
EndProject
Global
	GlobalSection(SolutionConfigurationPlatforms) = preSolution
		Debug|Any CPU = Debug|Any CPU
		Release|Any CPU = Release|Any CPU
	EndGlobalSection
	GlobalSection(ProjectConfigurationPlatforms) = postSolution
		{B197F809-5E77-4FF4-951B-6A280C4CA841}.Debug|Any CPU.ActiveCfg = Debug|Any CPU
		{B197F809-5E77-4FF4-951B-6A280C4CA841}.Debug|Any CPU.Build.0 = Debug|Any CPU
		{B197F809-5E77-4FF4-951B-6A280C4CA841}.Release|Any CPU.ActiveCfg = Release|Any CPU
		{B197F809-5E77-4FF4-951B-6A280C4CA841}.Release|Any CPU.Build.0 = Release|Any CPU
		{4B54AE09-3207-47C6-AFCA-E0CEC9AC9D03}.Debug|Any CPU.ActiveCfg = Debug|Any CPU
		{4B54AE09-3207-47C6-AFCA-E0CEC9AC9D03}.Debug|Any CPU.Build.0 = Debug|Any CPU
		{4B54AE09-3207-47C6-AFCA-E0CEC9AC9D03}.Release|Any CPU.ActiveCfg = Release|Any CPU
		{4B54AE09-3207-47C6-AFCA-E0CEC9AC9D03}.Release|Any CPU.Build.0 = Release|Any CPU
	EndGlobalSection
	GlobalSection(SolutionProperties) = preSolution
		HideSolutionNode = FALSE
	EndGlobalSection
EndGlobal
